
Microsoft Visual Studio Solution File, Format Version 12.00
# Visual Studio Version 17
VisualStudioVersion = 17.8.34330.188
MinimumVisualStudioVersion = 10.0.40219.1
Project("{FAE04EC0-301F-11D3-BF4B-00C04F79EFBC}") = "ConsoleApp1", "ConsoleApp1\ConsoleApp1.csproj", "{E71A2CB0-9756-4412-9811-16CB77075416}"
EndProject
Global
	GlobalSection(SolutionConfigurationPlatforms) = preSolution
		Debug|Any CPU = Debug|Any CPU
		Release|Any CPU = Release|Any CPU
	EndGlobalSection
	GlobalSection(ProjectConfigurationPlatforms) = postSolution
		{E71A2CB0-9756-4412-9811-16CB77075416}.Debug|Any CPU.ActiveCfg = Debug|Any CPU
		{E71A2CB0-9756-4412-9811-16CB77075416}.Debug|Any CPU.Build.0 = Debug|Any CPU
		{E71A2CB0-9756-4412-9811-16CB77075416}.Release|Any CPU.ActiveCfg = Release|Any CPU
		{E71A2CB0-9756-4412-9811-16CB77075416}.Release|Any CPU.Build.0 = Release|Any CPU
	EndGlobalSection
	GlobalSection(SolutionProperties) = preSolution
		HideSolutionNode = FALSE
	EndGlobalSection
	GlobalSection(ExtensibilityGlobals) = postSolution
		SolutionGuid = {EE80ED2A-C55E-466C-A166-B4D0660BF729}
	EndGlobalSection
EndGlobal
